
Microsoft Visual Studio Solution File, Format Version 12.00
# Visual Studio Version 16
VisualStudioVersion = 16.0.31205.134
MinimumVisualStudioVersion = 10.0.40219.1
Project("{FAE04EC0-301F-11D3-BF4B-00C04F79EFBC}") = "Chibog.API", "Chibog.API\Chibog.API.csproj", "{2DB630B5-50A9-4D85-8E71-C6F0BC862626}"
EndProject
Global
	GlobalSection(SolutionConfigurationPlatforms) = preSolution
		Debug|Any CPU = Debug|Any CPU
		Release|Any CPU = Release|Any CPU
	EndGlobalSection
	GlobalSection(ProjectConfigurationPlatforms) = postSolution
		{2DB630B5-50A9-4D85-8E71-C6F0BC862626}.Debug|Any CPU.ActiveCfg = Debug|Any CPU
		{2DB630B5-50A9-4D85-8E71-C6F0BC862626}.Debug|Any CPU.Build.0 = Debug|Any CPU
		{2DB630B5-50A9-4D85-8E71-C6F0BC862626}.Release|Any CPU.ActiveCfg = Release|Any CPU
		{2DB630B5-50A9-4D85-8E71-C6F0BC862626}.Release|Any CPU.Build.0 = Release|Any CPU
	EndGlobalSection
	GlobalSection(SolutionProperties) = preSolution
		HideSolutionNode = FALSE
	EndGlobalSection
	GlobalSection(ExtensibilityGlobals) = postSolution
		SolutionGuid = {D1FC0DF4-399B-4FD1-8B15-1AA84BDE560E}
	EndGlobalSection
EndGlobal
